# THIS IS AN AUTOGENERATED FILE. DO NOT EDIT THIS FILE DIRECTLY.
# yarn lockfile v1


"@shigma/stringify-object@^3.3.0":
  version "3.3.0"
  resolved "https://registry.yarnpkg.com/@shigma/stringify-object/-/stringify-object-3.3.0.tgz#c6611dcdf650024a9f6397580f821accd3021be3"
  integrity sha512-tO5pn6RJp8m1ldYtqY3GEQA6+Nqp1cIZVrVx7iFVPx0YfhMqfplwrvyrQPP1cCwuyRoAyDr/BxVZYt+USm8LXQ==
  dependencies:
    get-own-enumerable-property-symbols "^3.0.0"
    is-obj "^1.0.1"
    is-regexp "^2.0.0"

"@types/body-parser@*":
  version "1.19.5"
  resolved "https://registry.yarnpkg.com/@types/body-parser/-/body-parser-1.19.5.tgz#04ce9a3b677dc8bd681a17da1ab9835dc9d3ede4"
  integrity sha512-fB3Zu92ucau0iQ0JMCFQE7b/dv8Ot07NI3KaZIkIUNXq82k4eBAqUaneXfleGY9JWskeS9y+u0nXMyspcuQrCg==
  dependencies:
    "@types/connect" "*"
    "@types/node" "*"

"@types/connect-history-api-fallback@*":
  version "1.5.4"
  resolved "https://registry.yarnpkg.com/@types/connect-history-api-fallback/-/connect-history-api-fallback-1.5.4.tgz#7de71645a103056b48ac3ce07b3520b819c1d5b3"
  integrity sha512-n6Cr2xS1h4uAulPRdlw6Jl6s1oG8KrVilPN2yUITEs+K48EzMJJ3W1xy8K5eWuFvjp3R74AOIGSmp2UfBJ8HFw==
  dependencies:
    "@types/express-serve-static-core" "*"
    "@types/node" "*"

"@types/connect@*":
  version "3.4.38"
  resolved "https://registry.yarnpkg.com/@types/connect/-/connect-3.4.38.tgz#5ba7f3bc4fbbdeaff8dded952e5ff2cc53f8d858"
  integrity sha512-K6uROf1LD88uDQqJCktA4yzL1YYAK6NgfsI0v/mTgyPKWsX1CnJ0XPSDhViejru1GcRkLWb8RlzFYJRqGUbaug==
  dependencies:
    "@types/node" "*"

"@types/express-serve-static-core@*", "@types/express-serve-static-core@^4.17.33":
  version "4.19.0"
  resolved "https://registry.yarnpkg.com/@types/express-serve-static-core/-/express-serve-static-core-4.19.0.tgz#3ae8ab3767d98d0b682cda063c3339e1e86ccfaa"
  integrity sha512-bGyep3JqPCRry1wq+O5n7oiBgGWmeIJXPjXXCo8EK0u8duZGSYar7cGqd3ML2JUsLGeB7fmc06KYo9fLGWqPvQ==
  dependencies:
    "@types/node" "*"
    "@types/qs" "*"
    "@types/range-parser" "*"
    "@types/send" "*"

"@types/express@*":
  version "4.17.21"
  resolved "https://registry.yarnpkg.com/@types/express/-/express-4.17.21.tgz#c26d4a151e60efe0084b23dc3369ebc631ed192d"
  integrity sha512-ejlPM315qwLpaQlQDTjPdsUFSc6ZsP4AN6AlWnogPjQ7CVi7PYF3YVz+CY3jE2pwYf7E/7HlDAN0rV2GxTG0HQ==
  dependencies:
    "@types/body-parser" "*"
    "@types/express-serve-static-core" "^4.17.33"
    "@types/qs" "*"
    "@types/serve-static" "*"

"@types/highlight.js@^9.7.0":
  version "9.12.4"
  resolved "https://registry.yarnpkg.com/@types/highlight.js/-/highlight.js-9.12.4.tgz#8c3496bd1b50cc04aeefd691140aa571d4dbfa34"
  integrity sha512-t2szdkwmg2JJyuCM20e8kR2X59WCE5Zkl4bzm1u1Oukjm79zpbiAv+QjnwLnuuV0WHEcX2NgUItu0pAMKuOPww==

"@types/http-errors@*":
  version "2.0.4"
  resolved "https://registry.yarnpkg.com/@types/http-errors/-/http-errors-2.0.4.tgz#7eb47726c391b7345a6ec35ad7f4de469cf5ba4f"
  integrity sha512-D0CFMMtydbJAegzOyHjtiKPLlvnm3iTZyZRSZoLq2mRhDdmLfIWOCYPfQJ4cu2erKghU++QvjcUjp/5h7hESpA==

"@types/http-proxy@^1.17.5":
  version "1.17.14"
  resolved "https://registry.yarnpkg.com/@types/http-proxy/-/http-proxy-1.17.14.tgz#57f8ccaa1c1c3780644f8a94f9c6b5000b5e2eec"
  integrity sha512-SSrD0c1OQzlFX7pGu1eXxSEjemej64aaNPRhhVYUGqXh0BtldAAx37MG8btcumvpgKyZp1F5Gn3JkktdxiFv6w==
  dependencies:
    "@types/node" "*"

"@types/linkify-it@*":
  version "3.0.5"
  resolved "https://registry.yarnpkg.com/@types/linkify-it/-/linkify-it-3.0.5.tgz#1e78a3ac2428e6d7e6c05c1665c242023a4601d8"
  integrity sha512-yg6E+u0/+Zjva+buc3EIb+29XEg4wltq7cSmd4Uc2EE/1nUVmxyzpX6gUXD0V8jIrG0r7YeOGVIbYRkxeooCtw==

"@types/markdown-it@^10.0.0":
  version "10.0.3"
  resolved "https://registry.yarnpkg.com/@types/markdown-it/-/markdown-it-10.0.3.tgz#a9800d14b112c17f1de76ec33eff864a4815eec7"
  integrity sha512-daHJk22isOUvNssVGF2zDnnSyxHhFYhtjeX4oQaKD6QzL3ZR1QSgiD1g+Q6/WSWYVogNXYDXODtbgW/WiFCtyw==
  dependencies:
    "@types/highlight.js" "^9.7.0"
    "@types/linkify-it" "*"
    "@types/mdurl" "*"
    highlight.js "^9.7.0"

"@types/mdurl@*":
  version "1.0.5"
  resolved "https://registry.yarnpkg.com/@types/mdurl/-/mdurl-1.0.5.tgz#3e0d2db570e9fb6ccb2dc8fde0be1d79ac810d39"
  integrity sha512-6L6VymKTzYSrEf4Nev4Xa1LCHKrlTlYCBMTlQKFuddo1CvQcE52I0mwfOJayueUC7MJuXOeHTcIU683lzd0cUA==

"@types/mime@^1":
  version "1.3.5"
  resolved "https://registry.yarnpkg.com/@types/mime/-/mime-1.3.5.tgz#1ef302e01cf7d2b5a0fa526790c9123bf1d06690"
  integrity sha512-/pyBZWSLD2n0dcHE3hq8s8ZvcETHtEuF+3E7XVt0Ig2nvsVQXdghHVcEkIWjy9A0wKfTn97a/PSDYohKIlnP/w==

"@types/node@*":
  version "20.12.7"
  resolved "https://registry.yarnpkg.com/@types/node/-/node-20.12.7.tgz#04080362fa3dd6c5822061aa3124f5c152cff384"
  integrity sha512-wq0cICSkRLVaf3UGLMGItu/PtdY7oaXaI/RVU+xliKVOtRna3PRY57ZDfztpDL0n11vfymMUnXv8QwYCO7L1wg==
  dependencies:
    undici-types "~5.26.4"

"@types/qs@*":
  version "6.9.14"
  resolved "https://registry.yarnpkg.com/@types/qs/-/qs-6.9.14.tgz#169e142bfe493895287bee382af6039795e9b75b"
  integrity sha512-5khscbd3SwWMhFqylJBLQ0zIu7c1K6Vz0uBIt915BI3zV0q1nfjRQD3RqSBcPaO6PHEF4ov/t9y89fSiyThlPA==

"@types/range-parser@*":
  version "1.2.7"
  resolved "https://registry.yarnpkg.com/@types/range-parser/-/range-parser-1.2.7.tgz#50ae4353eaaddc04044279812f52c8c65857dbcb"
  integrity sha512-hKormJbkJqzQGhziax5PItDUTMAM9uE2XXQmM37dyd4hVM+5aVl7oVxMVUiVQn2oCQFN/LKCZdvSM0pFRqbSmQ==

"@types/send@*":
  version "0.17.4"
  resolved "https://registry.yarnpkg.com/@types/send/-/send-0.17.4.tgz#6619cd24e7270793702e4e6a4b958a9010cfc57a"
  integrity sha512-x2EM6TJOybec7c52BX0ZspPodMsQUd5L6PRwOunVyVUhXiBSKf3AezDL8Dgvgt5o0UfKNfuA0eMLr2wLT4AiBA==
  dependencies:
    "@types/mime" "^1"
    "@types/node" "*"

"@types/serve-static@*":
  version "1.15.7"
  resolved "https://registry.yarnpkg.com/@types/serve-static/-/serve-static-1.15.7.tgz#22174bbd74fb97fe303109738e9b5c2f3064f714"
  integrity sha512-W8Ym+h8nhuRwaKPaDw34QUkwsGi6Rc4yYqvKFo5rm2FUEhCFbzVWrxXUxuKK8TASjWsysJY0nsmNCGhCOIsrOw==
  dependencies:
    "@types/http-errors" "*"
    "@types/node" "*"
    "@types/send" "*"

"@types/source-list-map@*":
  version "0.1.6"
  resolved "https://registry.yarnpkg.com/@types/source-list-map/-/source-list-map-0.1.6.tgz#164e169dd061795b50b83c19e4d3be09f8d3a454"
  integrity sha512-5JcVt1u5HDmlXkwOD2nslZVllBBc7HDuOICfiZah2Z0is8M8g+ddAEawbmd3VjedfDHBzxCaXLs07QEmb7y54g==

"@types/tapable@^1":
  version "1.0.12"
  resolved "https://registry.yarnpkg.com/@types/tapable/-/tapable-1.0.12.tgz#bc2cab12e87978eee89fb21576b670350d6d86ab"
  integrity sha512-bTHG8fcxEqv1M9+TD14P8ok8hjxoOCkfKc8XXLaaD05kI7ohpeI956jtDOD3XHKBQrlyPughUtzm1jtVhHpA5Q==

"@types/uglify-js@*":
  version "3.17.5"
  resolved "https://registry.yarnpkg.com/@types/uglify-js/-/uglify-js-3.17.5.tgz#905ce03a3cbbf2e31cbefcbc68d15497ee2e17df"
  integrity sha512-TU+fZFBTBcXj/GpDpDaBmgWk/gn96kMZ+uocaFUlV2f8a6WdMzzI44QBCmGcCiYR0Y6ZlNRiyUyKKt5nl/lbzQ==
  dependencies:
    source-map "^0.6.1"

"@types/webpack-dev-server@^3":
  version "3.11.6"
  resolved "https://registry.yarnpkg.com/@types/webpack-dev-server/-/webpack-dev-server-3.11.6.tgz#d8888cfd2f0630203e13d3ed7833a4d11b8a34dc"
  integrity sha512-XCph0RiiqFGetukCTC3KVnY1jwLcZ84illFRMbyFzCcWl90B/76ew0tSqF46oBhnLC4obNDG7dMO0JfTN0MgMQ==
  dependencies:
    "@types/connect-history-api-fallback" "*"
    "@types/express" "*"
    "@types/serve-static" "*"
    "@types/webpack" "^4"
    http-proxy-middleware "^1.0.0"

"@types/webpack-sources@*":
  version "3.2.3"
  resolved "https://registry.yarnpkg.com/@types/webpack-sources/-/webpack-sources-3.2.3.tgz#b667bd13e9fa15a9c26603dce502c7985418c3d8"
  integrity sha512-4nZOdMwSPHZ4pTEZzSp0AsTM4K7Qmu40UKW4tJDiOVs20UzYF9l+qUe4s0ftfN0pin06n+5cWWDJXH+sbhAiDw==
  dependencies:
    "@types/node" "*"
    "@types/source-list-map" "*"
    source-map "^0.7.3"

"@types/webpack@^4":
  version "4.41.38"
  resolved "https://registry.yarnpkg.com/@types/webpack/-/webpack-4.41.38.tgz#5a40ac81bdd052bf405e8bdcf3e1236f6db6dc26"
  integrity sha512-oOW7E931XJU1mVfCnxCVgv8GLFL768pDO5u2Gzk82i8yTIgX6i7cntyZOkZYb/JtYM8252SN9bQp9tgkVDSsRw==
  dependencies:
    "@types/node" "*"
    "@types/tapable" "^1"
    "@types/uglify-js" "*"
    "@types/webpack-sources" "*"
    anymatch "^3.0.0"
    source-map "^0.6.0"

"@vuepress/plugin-back-to-top@^1.9.10":
  version "1.9.10"
  resolved "https://registry.yarnpkg.com/@vuepress/plugin-back-to-top/-/plugin-back-to-top-1.9.10.tgz#7928d4da309119a20021eea90d94d4982026c791"
  integrity sha512-iInIp66wu717CAnT2pyd9Bs/vAgrUBOBIQ7WMnfJo07cW/ZIothpyrSHnpCRSsfJ/jLivMPqW0pviqppt64BzQ==
  dependencies:
    "@vuepress/types" "1.9.10"
    lodash.debounce "^4.0.8"

"@vuepress/plugin-medium-zoom@^1.9.10":
  version "1.9.10"
  resolved "https://registry.yarnpkg.com/@vuepress/plugin-medium-zoom/-/plugin-medium-zoom-1.9.10.tgz#b5907613057143ddb057882973c6a9293ae21b24"
  integrity sha512-/MsICWZ/mUTs+ZdqqA1AVtWAtNL5ksgnnGR2X24LnXaPJp+M1IB2ETcyNKh264YVODSrmVsS/Y+kbCRK0qKkdg==
  dependencies:
    "@vuepress/types" "1.9.10"
    medium-zoom "^1.0.4"

"@vuepress/types@1.9.10":
  version "1.9.10"
  resolved "https://registry.yarnpkg.com/@vuepress/types/-/types-1.9.10.tgz#5b8d112a0d7dbaffce1e5d39b66754412c83ecc6"
  integrity sha512-TDNQn4og85onmBpLTTXXmncW3rUnYGr2MkuI8OIFJZetDNM49t1WbjNVlrT+kx7C6qXi6okDQgrHGYXajHZWfg==
  dependencies:
    "@types/markdown-it" "^10.0.0"
    "@types/webpack-dev-server" "^3"
    webpack-chain "^6.0.0"

anymatch@^3.0.0:
  version "3.1.3"
  resolved "https://registry.yarnpkg.com/anymatch/-/anymatch-3.1.3.tgz#790c58b19ba1720a84205b57c618d5ad8524973e"
  integrity sha512-KMReFUr0B4t+D+OBkjR3KYqvocp2XaSzO55UcB6mgQMd3KbcE+mWTyvVV7D/zsdEbNnV6acZUutkiHQXvTr1Rw==
  dependencies:
    normalize-path "^3.0.0"
    picomatch "^2.0.4"

braces@^3.0.2:
  version "3.0.2"
  resolved "https://registry.yarnpkg.com/braces/-/braces-3.0.2.tgz#3454e1a462ee8d599e236df336cd9ea4f8afe107"
  integrity sha512-b8um+L1RzM3WDSzvhm6gIz1yfTbBt6YTlcEKAvsmqCZZFw46z626lVj9j1yEPW33H5H+lBQpZMP1k8l+78Ha0A==
  dependencies:
    fill-range "^7.0.1"

de-indent@^1.0.2:
  version "1.0.2"
  resolved "https://registry.npmjs.org/de-indent/-/de-indent-1.0.2.tgz"
  integrity sha512-e/1zu3xH5MQryN2zdVaF0OrdNLUbvWxzMbi+iNA6Bky7l1RoP8a2fIbRocyHclXt/arDrrR6lL3TqFD9pMQTsg==

deepmerge@^1.5.2:
  version "1.5.2"
  resolved "https://registry.yarnpkg.com/deepmerge/-/deepmerge-1.5.2.tgz#10499d868844cdad4fee0842df8c7f6f0c95a753"
  integrity sha512-95k0GDqvBjZavkuvzx/YqVLv/6YYa17fz6ILMSf7neqQITCPbnfEnQvEgMPNjH4kgobe7+WIL0yJEHku+H3qtQ==

eventemitter3@^4.0.0:
  version "4.0.7"
  resolved "https://registry.yarnpkg.com/eventemitter3/-/eventemitter3-4.0.7.tgz#2de9b68f6528d5644ef5c59526a1b4a07306169f"
  integrity sha512-8guHBZCwKnFhYdHr2ysuRWErTwhoN2X8XELRlrRwpmfeY2jjuUN4taQMsULKUVo1K4DvZl+0pgfyoysHxvmvEw==

fill-range@^7.0.1:
  version "7.0.1"
  resolved "https://registry.yarnpkg.com/fill-range/-/fill-range-7.0.1.tgz#1919a6a7c75fe38b2c7c77e5198535da9acdda40"
  integrity sha512-qOo9F+dMUmC2Lcb4BbVvnKJxTPjCm+RRpe4gDuGrzkL7mEVl/djYSu2OdQ2Pa302N4oqkSg9ir6jaLWJ2USVpQ==
  dependencies:
    to-regex-range "^5.0.1"

follow-redirects@^1.0.0:
  version "1.15.6"
  resolved "https://registry.yarnpkg.com/follow-redirects/-/follow-redirects-1.15.6.tgz#7f815c0cda4249c74ff09e95ef97c23b5fd0399b"
  integrity sha512-wWN62YITEaOpSK584EZXJafH1AGpO8RVgElfkuXbTOrPX4fIfOyEpW/CsiNd8JdYrAoOvafRTOEnvsO++qCqFA==

get-own-enumerable-property-symbols@^3.0.0:
  version "3.0.2"
  resolved "https://registry.yarnpkg.com/get-own-enumerable-property-symbols/-/get-own-enumerable-property-symbols-3.0.2.tgz#b5fde77f22cbe35f390b4e089922c50bce6ef664"
  integrity sha512-I0UBV/XOz1XkIJHEUDMZAbzCThU/H8DxmSfmdGcKPnVhu2VfFqr34jr9777IyaTYvxjedWhqVIilEDsCdP5G6g==

he@^1.2.0:
  version "1.2.0"
  resolved "https://registry.npmjs.org/he/-/he-1.2.0.tgz"
  integrity sha512-F/1DnUGPopORZi0ni+CvrCgHQ5FyEAHRLSApuYWMmrbSwoN2Mn/7k+Gl38gJnR7yyDZk6WLXwiGod1JOWNDKGw==

highlight.js@^9.7.0:
  version "9.18.5"
  resolved "https://registry.yarnpkg.com/highlight.js/-/highlight.js-9.18.5.tgz#d18a359867f378c138d6819edfc2a8acd5f29825"
  integrity sha512-a5bFyofd/BHCX52/8i8uJkjr9DYwXIPnM/plwI6W7ezItLGqzt7X2G2nXuYSfsIJdkwwj/g9DG1LkcGJI/dDoA==

http-proxy-middleware@^1.0.0:
  version "1.3.1"
  resolved "https://registry.yarnpkg.com/http-proxy-middleware/-/http-proxy-middleware-1.3.1.tgz#43700d6d9eecb7419bf086a128d0f7205d9eb665"
  integrity sha512-13eVVDYS4z79w7f1+NPllJtOQFx/FdUW4btIvVRMaRlUY9VGstAbo5MOhLEuUgZFRHn3x50ufn25zkj/boZnEg==
  dependencies:
    "@types/http-proxy" "^1.17.5"
    http-proxy "^1.18.1"
    is-glob "^4.0.1"
    is-plain-obj "^3.0.0"
    micromatch "^4.0.2"

http-proxy@^1.18.1:
  version "1.18.1"
  resolved "https://registry.yarnpkg.com/http-proxy/-/http-proxy-1.18.1.tgz#401541f0534884bbf95260334e72f88ee3976549"
  integrity sha512-7mz/721AbnJwIVbnaSv1Cz3Am0ZLT/UBwkC92VlxhXv/k/BBQfM2fXElQNC27BVGr0uwUpplYPQM9LnaBMR5NQ==
  dependencies:
    eventemitter3 "^4.0.0"
    follow-redirects "^1.0.0"
    requires-port "^1.0.0"

is-extglob@^2.1.1:
  version "2.1.1"
  resolved "https://registry.yarnpkg.com/is-extglob/-/is-extglob-2.1.1.tgz#a88c02535791f02ed37c76a1b9ea9773c833f8c2"
  integrity sha512-SbKbANkN603Vi4jEZv49LeVJMn4yGwsbzZworEoyEiutsN3nJYdbO36zfhGJ6QEDpOZIFkDtnq5JRxmvl3jsoQ==

is-glob@^4.0.1:
  version "4.0.3"
  resolved "https://registry.yarnpkg.com/is-glob/-/is-glob-4.0.3.tgz#64f61e42cbbb2eec2071a9dac0b28ba1e65d5084"
  integrity sha512-xelSayHH36ZgE7ZWhli7pW34hNbNl8Ojv5KVmkJD4hBdD3th8Tfk9vYasLM+mXWOZhFkgZfxhLSnrwRr4elSSg==
  dependencies:
    is-extglob "^2.1.1"

is-number@^7.0.0:
  version "7.0.0"
  resolved "https://registry.yarnpkg.com/is-number/-/is-number-7.0.0.tgz#7535345b896734d5f80c4d06c50955527a14f12b"
  integrity sha512-41Cifkg6e8TylSpdtTpeLVMqvSBEVzTttHvERD741+pnZ8ANv0004MRL43QKPDlK9cGvNp6NZWZUBlbGXYxxng==

is-obj@^1.0.1:
  version "1.0.1"
  resolved "https://registry.yarnpkg.com/is-obj/-/is-obj-1.0.1.tgz#3e4729ac1f5fde025cd7d83a896dab9f4f67db0f"
  integrity sha512-l4RyHgRqGN4Y3+9JHVrNqO+tN0rV5My76uW5/nuO4K1b6vw5G8d/cmFjP9tRfEsdhZNt0IFdZuK/c2Vr4Nb+Qg==

is-plain-obj@^3.0.0:
  version "3.0.0"
  resolved "https://registry.yarnpkg.com/is-plain-obj/-/is-plain-obj-3.0.0.tgz#af6f2ea14ac5a646183a5bbdb5baabbc156ad9d7"
  integrity sha512-gwsOE28k+23GP1B6vFl1oVh/WOzmawBrKwo5Ev6wMKzPkaXaCDIQKzLnvsA42DRlbVTWorkgTKIviAKCWkfUwA==

is-regexp@^2.0.0:
  version "2.1.0"
  resolved "https://registry.yarnpkg.com/is-regexp/-/is-regexp-2.1.0.tgz#cd734a56864e23b956bf4e7c66c396a4c0b22c2d"
  integrity sha512-OZ4IlER3zmRIoB9AqNhEggVxqIH4ofDns5nRrPS6yQxXE1TPCUpFznBfRQmQa8uC+pXqjMnukiJBxCisIxiLGA==

javascript-stringify@^2.0.1:
  version "2.1.0"
  resolved "https://registry.yarnpkg.com/javascript-stringify/-/javascript-stringify-2.1.0.tgz#27c76539be14d8bd128219a2d731b09337904e79"
  integrity sha512-JVAfqNPTvNq3sB/VHQJAFxN/sPgKnsKrCwyRt15zwNCdrMMJDdcEOdubuy+DuJYYdm0ox1J4uzEuYKkN+9yhVg==

lodash.debounce@^4.0.8:
  version "4.0.8"
  resolved "https://registry.yarnpkg.com/lodash.debounce/-/lodash.debounce-4.0.8.tgz#82d79bff30a67c4005ffd5e2515300ad9ca4d7af"
  integrity sha512-FT1yDzDYEoYWhnSGnpE/4Kj1fLZkDFyqRb7fNt6FdYOSxlUWAtp42Eh6Wb0rGIv/m9Bgo7x4GhQbm5Ys4SG5ow==

markdown-it-img-lazy@^1.0.2:
  version "1.0.3"
  resolved "https://registry.yarnpkg.com/markdown-it-img-lazy/-/markdown-it-img-lazy-1.0.3.tgz#313fd6d128a965503abf86010fa6ac84bd7f9fdd"
  integrity sha512-H1wOixBCI8Jm9vxn5f5lsDsTdhG8HxLiC5eh5TjVe/Dv//zwAi/R5+WSpRYmQtyc1+RF1kS4cuLPt1wGid0xWA==

markdown-it-imsize@^2.0.1:
  version "2.0.1"
  resolved "https://registry.yarnpkg.com/markdown-it-imsize/-/markdown-it-imsize-2.0.1.tgz#cca0427905d05338a247cb9ca9d968c5cddd5170"
  integrity sha512-5SH90ademqcR8ifQCBXRCfIR4HGfZZOh5pO0j2TglulfSQH+SBXM4Iw/QlTUbSoUwVZArCYgECoMvktDS2kP3w==

medium-zoom@^1.0.4:
  version "1.1.0"
  resolved "https://registry.yarnpkg.com/medium-zoom/-/medium-zoom-1.1.0.tgz#6efb6bbda861a02064ee71a2617a8dc4381ecc71"
  integrity sha512-ewyDsp7k4InCUp3jRmwHBRFGyjBimKps/AJLjRSox+2q/2H4p/PNpQf+pwONWlJiOudkBXtbdmVbFjqyybfTmQ==

micromatch@^4.0.2:
  version "4.0.5"
  resolved "https://registry.yarnpkg.com/micromatch/-/micromatch-4.0.5.tgz#bc8999a7cbbf77cdc89f132f6e467051b49090c6"
  integrity sha512-DMy+ERcEW2q8Z2Po+WNXuw3c5YaUSFjAO5GsJqfEl7UjvtIuFKO6ZrKvcItdy98dwFI2N1tg3zNIdKaQT+aNdA==
  dependencies:
    braces "^3.0.2"
    picomatch "^2.3.1"

normalize-path@^3.0.0:
  version "3.0.0"
  resolved "https://registry.yarnpkg.com/normalize-path/-/normalize-path-3.0.0.tgz#0dcd69ff23a1c9b11fd0978316644a0388216a65"
  integrity sha512-6eZs5Ls3WtCisHWp9S2GUy8dqkpGi4BVSz3GaqiE6ezub0512ESztXUwUB6C6IKbQkY2Pnb/mD4WYojCRwcwLA==

picomatch@^2.0.4, picomatch@^2.3.1:
  version "2.3.1"
  resolved "https://registry.yarnpkg.com/picomatch/-/picomatch-2.3.1.tgz#3ba3833733646d9d3e4995946c1365a67fb07a42"
  integrity sha512-JU3teHTNjmE2VCGFzuY8EXzCDVwEqB2a8fsIvwaStHhAWJEeVd1o1QD80CU6+ZdEXXSLbSsuLwJjkCBWqRQUVA==

requires-port@^1.0.0:
  version "1.0.0"
  resolved "https://registry.yarnpkg.com/requires-port/-/requires-port-1.0.0.tgz#925d2601d39ac485e091cf0da5c6e694dc3dcaff"
  integrity sha512-KigOCHcocU3XODJxsu8i/j8T9tzT4adHiecwORRQ0ZZFcp7ahwXuRU1m+yuO90C5ZUyGeGfocHDI14M3L3yDAQ==

source-map@^0.6.0, source-map@^0.6.1:
  version "0.6.1"
  resolved "https://registry.yarnpkg.com/source-map/-/source-map-0.6.1.tgz#74722af32e9614e9c287a8d0bbde48b5e2f1a263"
  integrity sha512-UjgapumWlbMhkBgzT7Ykc5YXUT46F0iKu8SGXq0bcwP5dz/h0Plj6enJqjz1Zbq2l5WaqYnrVbwWOWMyF3F47g==

source-map@^0.7.3:
  version "0.7.4"
  resolved "https://registry.yarnpkg.com/source-map/-/source-map-0.7.4.tgz#a9bbe705c9d8846f4e08ff6765acf0f1b0898656"
  integrity sha512-l3BikUxvPOcn5E74dZiq5BGsTb5yEwhaTSzccU6t4sDOH8NWJCstKO5QT2CvtFoK6F0saL7p9xHAqHOlCPJygA==

to-regex-range@^5.0.1:
  version "5.0.1"
  resolved "https://registry.yarnpkg.com/to-regex-range/-/to-regex-range-5.0.1.tgz#1648c44aae7c8d988a326018ed72f5b4dd0392e4"
  integrity sha512-65P7iz6X5yEr1cwcgvQxbbIw7Uk3gOy5dIdtZ4rDveLqhrdJP+Li/Hx6tyK0NEb+2GCyneCMJiGqrADCSNk8sQ==
  dependencies:
    is-number "^7.0.0"

undici-types@~5.26.4:
  version "5.26.5"
  resolved "https://registry.yarnpkg.com/undici-types/-/undici-types-5.26.5.tgz#bcd539893d00b56e964fd2657a4866b221a65617"
  integrity sha512-JlCMO+ehdEIKqlFxk6IfVoAUVmgz7cU7zD/h9XZ0qzeosSHmUJVOzSQvvYSYWXkFXC+IfLKSIffhv0sVZup6pA==

vue-template-compiler@^2.7.16:
  version "2.7.16"
  resolved "https://registry.npmjs.org/vue-template-compiler/-/vue-template-compiler-2.7.16.tgz"
  integrity sha512-AYbUWAJHLGGQM7+cNTELw+KsOG9nl2CnSv467WobS5Cv9uk3wFcnr1Etsz2sEIHEZvw1U+o9mRlEO6QbZvUPGQ==
  dependencies:
    de-indent "^1.0.2"
    he "^1.2.0"

vuepress-plugin-code-copy@^1.0.6:
  version "1.0.6"
  resolved "https://registry.yarnpkg.com/vuepress-plugin-code-copy/-/vuepress-plugin-code-copy-1.0.6.tgz#6431dab764b48b5b203e4936d98b1943651ce4ad"
  integrity sha512-FiqwMtlb4rEsOI56O6sSkekcd3SlESxbkR2IaTIQxsMOMoalKfW5R9WlR1Pjm10v6jmU661Ex8MR11k9IzrNUg==

vuepress-plugin-copyright@^1.0.2:
  version "1.0.2"
  resolved "https://registry.yarnpkg.com/vuepress-plugin-copyright/-/vuepress-plugin-copyright-1.0.2.tgz#d5cc73af82028e073d4cd82e3ef99012ad8f79cc"
  integrity sha512-SWiyqqU8StPGB6WxzVTbRMUyyE0g6lJoP9SDoOua5PHUeawd8XdDBAaCCGRrmd2JDMvCDZlNYHTHgsKJncuU2g==
  dependencies:
    "@shigma/stringify-object" "^3.3.0"

vuepress-plugin-img-lazy@^1.0.4:
  version "1.0.4"
  resolved "https://registry.yarnpkg.com/vuepress-plugin-img-lazy/-/vuepress-plugin-img-lazy-1.0.4.tgz#f444c1e21a2c95117f1bcb97a0962660362fa181"
  integrity sha512-4mMIy3vZzNZupFuohPKlOHGd0rNZEMEHEyN8b2M3j1yBANrkhGg1wNnpsdpe7ZnLdtVpxH3JQT7a3TDdxLLFmQ==
  dependencies:
    markdown-it-img-lazy "^1.0.2"
    markdown-it-imsize "^2.0.1"

webpack-chain@^6.0.0:
  version "6.5.1"
  resolved "https://registry.yarnpkg.com/webpack-chain/-/webpack-chain-6.5.1.tgz#4f27284cbbb637e3c8fbdef43eef588d4d861206"
  integrity sha512-7doO/SRtLu8q5WM0s7vPKPWX580qhi0/yBHkOxNkv50f6qB76Zy9o2wRTrrPULqYTvQlVHuvbA8v+G5ayuUDsA==
  dependencies:
    deepmerge "^1.5.2"
    javascript-stringify "^2.0.1"
